
Microsoft Visual Studio Solution File, Format Version 12.00
# Visual Studio Version 17
VisualStudioVersion = 17.10.35122.118
MinimumVisualStudioVersion = 10.0.40219.1
Project("{9A19103F-16F7-4668-BE54-9A1E7A4F7556}") = "STRATFY", "STRATFY\STRATFY.csproj", "{B135E775-23DE-42F8-BCCE-2EC6CA635345}"
EndProject
Project("{FAE04EC0-301F-11D3-BF4B-00C04F79EFBC}") = "StratfyTest", "StratfyTest\StratfyTest.csproj", "{76BDE9D3-8D2B-449A-A290-16BEF966591A}"
EndProject
Project("{FAE04EC0-301F-11D3-BF4B-00C04F79EFBC}") = "FakeData", "FakeData\FakeData.csproj", "{AB92D528-ADC8-4B52-8962-E7081B164B5D}"
EndProject
Global
	GlobalSection(SolutionConfigurationPlatforms) = preSolution
		Debug|Any CPU = Debug|Any CPU
		Release|Any CPU = Release|Any CPU
	EndGlobalSection
	GlobalSection(ProjectConfigurationPlatforms) = postSolution
		{B135E775-23DE-42F8-BCCE-2EC6CA635345}.Debug|Any CPU.ActiveCfg = Debug|Any CPU
		{B135E775-23DE-42F8-BCCE-2EC6CA635345}.Debug|Any CPU.Build.0 = Debug|Any CPU
		{B135E775-23DE-42F8-BCCE-2EC6CA635345}.Release|Any CPU.ActiveCfg = Release|Any CPU
		{B135E775-23DE-42F8-BCCE-2EC6CA635345}.Release|Any CPU.Build.0 = Release|Any CPU
		{76BDE9D3-8D2B-449A-A290-16BEF966591A}.Debug|Any CPU.ActiveCfg = Debug|Any CPU
		{76BDE9D3-8D2B-449A-A290-16BEF966591A}.Debug|Any CPU.Build.0 = Debug|Any CPU
		{76BDE9D3-8D2B-449A-A290-16BEF966591A}.Release|Any CPU.ActiveCfg = Release|Any CPU
		{76BDE9D3-8D2B-449A-A290-16BEF966591A}.Release|Any CPU.Build.0 = Release|Any CPU
		{AB92D528-ADC8-4B52-8962-E7081B164B5D}.Debug|Any CPU.ActiveCfg = Debug|Any CPU
		{AB92D528-ADC8-4B52-8962-E7081B164B5D}.Debug|Any CPU.Build.0 = Debug|Any CPU
		{AB92D528-ADC8-4B52-8962-E7081B164B5D}.Release|Any CPU.ActiveCfg = Release|Any CPU
		{AB92D528-ADC8-4B52-8962-E7081B164B5D}.Release|Any CPU.Build.0 = Release|Any CPU
	EndGlobalSection
	GlobalSection(SolutionProperties) = preSolution
		HideSolutionNode = FALSE
	EndGlobalSection
	GlobalSection(ExtensibilityGlobals) = postSolution
		SolutionGuid = {F26901BA-37E7-496A-A886-C264412949BF}
	EndGlobalSection
EndGlobal
